
Microsoft Visual Studio Solution File, Format Version 12.00
# Visual Studio Version 17
VisualStudioVersion = 17.10.35027.167
MinimumVisualStudioVersion = 10.0.40219.1
Project("{9A19103F-16F7-4668-BE54-9A1E7A4F7556}") = "NFSeToXLSXConverterMacOs", "NFSeToXLSXConverterMacOs\NFSeToXLSXConverterMacOs.csproj", "{59E0F716-171C-4EDA-AEBA-25E2CE3BFD2F}"
EndProject
Global
	GlobalSection(SolutionConfigurationPlatforms) = preSolution
		Debug|Any CPU = Debug|Any CPU
		Release|Any CPU = Release|Any CPU
		WinX64|Any CPU = WinX64|Any CPU
	EndGlobalSection
	GlobalSection(ProjectConfigurationPlatforms) = postSolution
		{59E0F716-171C-4EDA-AEBA-25E2CE3BFD2F}.Debug|Any CPU.ActiveCfg = Release|Any CPU
		{59E0F716-171C-4EDA-AEBA-25E2CE3BFD2F}.Debug|Any CPU.Build.0 = Release|Any CPU
		{59E0F716-171C-4EDA-AEBA-25E2CE3BFD2F}.Debug|Any CPU.Deploy.0 = Release|Any CPU
		{59E0F716-171C-4EDA-AEBA-25E2CE3BFD2F}.Release|Any CPU.ActiveCfg = Release|Any CPU
		{59E0F716-171C-4EDA-AEBA-25E2CE3BFD2F}.Release|Any CPU.Build.0 = Release|Any CPU
		{59E0F716-171C-4EDA-AEBA-25E2CE3BFD2F}.Release|Any CPU.Deploy.0 = Release|Any CPU
		{59E0F716-171C-4EDA-AEBA-25E2CE3BFD2F}.WinX64|Any CPU.ActiveCfg = Release|Any CPU
	EndGlobalSection
	GlobalSection(SolutionProperties) = preSolution
		HideSolutionNode = FALSE
	EndGlobalSection
	GlobalSection(ExtensibilityGlobals) = postSolution
		SolutionGuid = {F0BAF8A0-7D9B-4951-B772-91196313FB6E}
	EndGlobalSection
EndGlobal
